
Microsoft Visual Studio Solution File, Format Version 12.00
# Visual Studio Version 16
VisualStudioVersion = 16.0.32929.386
MinimumVisualStudioVersion = 10.0.40219.1
Project("{9A19103F-16F7-4668-BE54-9A1E7A4F7556}") = "Interface_Abstraction_Exercises", "Interface_Abstraction_Exercises\Interface_Abstraction_Exercises.csproj", "{C06A630F-789E-4B6E-9A37-BFFEB29CE104}"
EndProject
Project("{9A19103F-16F7-4668-BE54-9A1E7A4F7556}") = "MilataryElite", "MilataryElite\MilataryElite.csproj", "{EE284687-A502-4356-BA2A-E1F01C319D65}"
EndProject
Project("{FAE04EC0-301F-11D3-BF4B-00C04F79EFBC}") = "BoardControl", "BoardControl\BoardControl.csproj", "{DF8E2857-E3BE-41FE-9B2A-2AADB4450D08}"
EndProject
Global
	GlobalSection(SolutionConfigurationPlatforms) = preSolution
		Debug|Any CPU = Debug|Any CPU
		Release|Any CPU = Release|Any CPU
	EndGlobalSection
	GlobalSection(ProjectConfigurationPlatforms) = postSolution
		{C06A630F-789E-4B6E-9A37-BFFEB29CE104}.Debug|Any CPU.ActiveCfg = Debug|Any CPU
		{C06A630F-789E-4B6E-9A37-BFFEB29CE104}.Debug|Any CPU.Build.0 = Debug|Any CPU
		{C06A630F-789E-4B6E-9A37-BFFEB29CE104}.Release|Any CPU.ActiveCfg = Release|Any CPU
		{C06A630F-789E-4B6E-9A37-BFFEB29CE104}.Release|Any CPU.Build.0 = Release|Any CPU
		{EE284687-A502-4356-BA2A-E1F01C319D65}.Debug|Any CPU.ActiveCfg = Debug|Any CPU
		{EE284687-A502-4356-BA2A-E1F01C319D65}.Debug|Any CPU.Build.0 = Debug|Any CPU
		{EE284687-A502-4356-BA2A-E1F01C319D65}.Release|Any CPU.ActiveCfg = Release|Any CPU
		{EE284687-A502-4356-BA2A-E1F01C319D65}.Release|Any CPU.Build.0 = Release|Any CPU
		{DF8E2857-E3BE-41FE-9B2A-2AADB4450D08}.Debug|Any CPU.ActiveCfg = Debug|Any CPU
		{DF8E2857-E3BE-41FE-9B2A-2AADB4450D08}.Debug|Any CPU.Build.0 = Debug|Any CPU
		{DF8E2857-E3BE-41FE-9B2A-2AADB4450D08}.Release|Any CPU.ActiveCfg = Release|Any CPU
		{DF8E2857-E3BE-41FE-9B2A-2AADB4450D08}.Release|Any CPU.Build.0 = Release|Any CPU
	EndGlobalSection
	GlobalSection(SolutionProperties) = preSolution
		HideSolutionNode = FALSE
	EndGlobalSection
	GlobalSection(ExtensibilityGlobals) = postSolution
		SolutionGuid = {5801F999-9982-460B-963E-985B0EB14D6C}
	EndGlobalSection
EndGlobal
